// !$*UTF8*$!
{
	archiveVersion = 1;
	classes = {
	};
	objectVersion = 46;
	objects = {

/* Begin PBXBuildFile section */
		CD3084EF1CB62CF00065C63E /* weight.c in Sources */ = {isa = PBXBuildFile; fileRef = CD3084ED1CB62CF00065C63E /* weight.c */; };
		CD3084F21CB6324B0065C63E /* jinzhi.c in Sources */ = {isa = PBXBuildFile; fileRef = CD3084F01CB6324B0065C63E /* jinzhi.c */; };
		CD6C0E1B1CB5370D006B7A2B /* main.c in Sources */ = {isa = PBXBuildFile; fileRef = CD6C0E191CB5370D006B7A2B /* main.c */; };
/* End PBXBuildFile section */

/* Begin PBXCopyFilesBuildPhase section */
		CD3ABDFA1CAEBCAC008A3FD3 /* CopyFiles */ = {
			isa = PBXCopyFilesBuildPhase;
			buildActionMask = 2147483647;
			dstPath = /usr/share/man/man1/;
			dstSubfolderSpec = 0;
			files = (
			);
			runOnlyForDeploymentPostprocessing = 1;
		};
/* End PBXCopyFilesBuildPhase section */

/* Begin PBXFileReference section */
		CD3084ED1CB62CF00065C63E /* weight.c */ = {isa = PBXFileReference; fileEncoding = 4; lastKnownFileType = sourcecode.c.c; path = weight.c; sourceTree = "<group>"; };
		CD3084EE1CB62CF00065C63E /* weight.h */ = {isa = PBXFileReference; fileEncoding = 4; lastKnownFileType = sourcecode.c.h; path = weight.h; sourceTree = "<group>"; };
		CD3084F01CB6324B0065C63E /* jinzhi.c */ = {isa = PBXFileReference; fileEncoding = 4; lastKnownFileType = sourcecode.c.c; path = jinzhi.c; sourceTree = "<group>"; };
		CD3084F11CB6324B0065C63E /* jinzhi.h */ = {isa = PBXFileReference; fileEncoding = 4; lastKnownFileType = sourcecode.c.h; path = jinzhi.h; sourceTree = "<group>"; };
		CD3ABDFC1CAEBCAC008A3FD3 /* print */ = {isa = PBXFileReference; explicitFileType = "compiled.mach-o.executable"; includeInIndex = 0; path = print; sourceTree = BUILT_PRODUCTS_DIR; };
		CD6C0E191CB5370D006B7A2B /* main.c */ = {isa = PBXFileReference; fileEncoding = 4; lastKnownFileType = sourcecode.c.c; path = main.c; sourceTree = "<group>"; };
		CD6C0E1A1CB5370D006B7A2B /* main.h */ = {isa = PBXFileReference; fileEncoding = 4; lastKnownFileType = sourcecode.c.h; path = main.h; sourceTree = "<group>"; };
/* End PBXFileReference section */

/* Begin PBXFrameworksBuildPhase section */
		CD3ABDF91CAEBCAC008A3FD3 /* Frameworks */ = {
			isa = PBXFrameworksBuildPhase;
			buildActionMask = 2147483647;
			files = (
			);
			runOnlyForDeploymentPostprocessing = 0;
		};
/* End PBXFrameworksBuildPhase section */

/* Begin PBXGroup section */
		CD3ABDF31CAEBCAC008A3FD3 = {
			isa = PBXGroup;
			children = (
				CD3ABDFE1CAEBCAC008A3FD3 /* BasicC */,
				CD3ABDFD1CAEBCAC008A3FD3 /* Products */,
			);
			sourceTree = "<group>";
		};
		CD3ABDFD1CAEBCAC008A3FD3 /* Products */ = {
			isa = PBXGroup;
			children = (
				CD3ABDFC1CAEBCAC008A3FD3 /* print */,
			);
			name = Products;
			sourceTree = "<group>";
		};
		CD3ABDFE1CAEBCAC008A3FD3 /* BasicC */ = {
			isa = PBXGroup;
			children = (
				CD6C0E191CB5370D006B7A2B /* main.c */,
				CD6C0E1A1CB5370D006B7A2B /* main.h */,
				CD3084ED1CB62CF00065C63E /* weight.c */,
				CD3084EE1CB62CF00065C63E /* weight.h */,
				CD3084F01CB6324B0065C63E /* jinzhi.c */,
				CD3084F11CB6324B0065C63E /* jinzhi.h */,
			);
			path = BasicC;
			sourceTree = "<group>";
		};
/* End PBXGroup section */

/* Begin PBXNativeTarget section */
		CD3ABDFB1CAEBCAC008A3FD3 /* print */ = {
			isa = PBXNativeTarget;
			buildConfigurationList = CD3ABE031CAEBCAC008A3FD3 /* Build configuration list for PBXNativeTarget "print" */;
			buildPhases = (
				CD3ABDF81CAEBCAC008A3FD3 /* Sources */,
				CD3ABDF91CAEBCAC008A3FD3 /* Frameworks */,
				CD3ABDFA1CAEBCAC008A3FD3 /* CopyFiles */,
			);
			buildRules = (
			);
			dependencies = (
			);
			name = print;
			productName = BasicC;
			productReference = CD3ABDFC1CAEBCAC008A3FD3 /* print */;
			productType = "com.apple.product-type.tool";
		};
/* End PBXNativeTarget section */

/* Begin PBXProject section */
		CD3ABDF41CAEBCAC008A3FD3 /* Project object */ = {
			isa = PBXProject;
			attributes = {
				LastUpgradeCheck = 0700;
				ORGANIZATIONNAME = breadth.com;
				TargetAttributes = {
					CD3ABDFB1CAEBCAC008A3FD3 = {
						CreatedOnToolsVersion = 7.0.1;
					};
				};
			};
			buildConfigurationList = CD3ABDF71CAEBCAC008A3FD3 /* Build configuration list for PBXProject "print" */;
			compatibilityVersion = "Xcode 3.2";
			developmentRegion = English;
			hasScannedForEncodings = 0;
			knownRegions = (
				en,
			);
			mainGroup = CD3ABDF31CAEBCAC008A3FD3;
			productRefGroup = CD3ABDFD1CAEBCAC008A3FD3 /* Products */;
			projectDirPath = "";
			projectRoot = "";
			targets = (
				CD3ABDFB1CAEBCAC008A3FD3 /* print */,
			);
		};
/* End PBXProject section */

/* Begin PBXSourcesBuildPhase section */
		CD3ABDF81CAEBCAC008A3FD3 /* Sources */ = {
			isa = PBXSourcesBuildPhase;
			buildActionMask = 2147483647;
			files = (
				CD6C0E1B1CB5370D006B7A2B /* main.c in Sources */,
				CD3084F21CB6324B0065C63E /* jinzhi.c in Sources */,
				CD3084EF1CB62CF00065C63E /* weight.c in Sources */,
			);
			runOnlyForDeploymentPostprocessing = 0;
		};
/* End PBXSourcesBuildPhase section */

/* Begin XCBuildConfiguration section */
		CD3ABE011CAEBCAC008A3FD3 /* Debug */ = {
			isa = XCBuildConfiguration;
			buildSettings = {
				ALWAYS_SEARCH_USER_PATHS = NO;
				CLANG_CXX_LANGUAGE_STANDARD = "gnu++0x";
				CLANG_CXX_LIBRARY = "libc++";
				CLANG_ENABLE_MODULES = YES;
				CLANG_ENABLE_OBJC_ARC = YES;
				CLANG_WARN_BOOL_CONVERSION = YES;
				CLANG_WARN_CONSTANT_CONVERSION = YES;
				CLANG_WARN_DIRECT_OBJC_ISA_USAGE = YES_ERROR;
				CLANG_WARN_EMPTY_BODY = YES;
				CLANG_WARN_ENUM_CONVERSION = YES;
				CLANG_WARN_INT_CONVERSION = YES;
				CLANG_WARN_OBJC_ROOT_CLASS = YES_ERROR;
				CLANG_WARN_UNREACHABLE_CODE = YES;
				CLANG_WARN__DUPLICATE_METHOD_MATCH = YES;
				COPY_PHASE_STRIP = NO;
				DEBUG_INFORMATION_FORMAT = dwarf;
				ENABLE_STRICT_OBJC_MSGSEND = YES;
				ENABLE_TESTABILITY = YES;
				GCC_C_LANGUAGE_STANDARD = gnu99;
				GCC_DYNAMIC_NO_PIC = NO;
				GCC_NO_COMMON_BLOCKS = YES;
				GCC_OPTIMIZATION_LEVEL = 0;
				GCC_PREPROCESSOR_DEFINITIONS = (
					"DEBUG=1",
					"$(inherited)",
				);
				GCC_WARN_64_TO_32_BIT_CONVERSION = YES;
				GCC_WARN_ABOUT_RETURN_TYPE = YES_ERROR;
				GCC_WARN_UNDECLARED_SELECTOR = YES;
				GCC_WARN_UNINITIALIZED_AUTOS = YES_AGGRESSIVE;
				GCC_WARN_UNUSED_FUNCTION = YES;
				GCC_WARN_UNUSED_VARIABLE = YES;
				MACOSX_DEPLOYMENT_TARGET = 10.11;
				MTL_ENABLE_DEBUG_INFO = YES;
				ONLY_ACTIVE_ARCH = YES;
				SDKROOT = macosx;
			};
			name = Debug;
		};
		CD3ABE021CAEBCAC008A3FD3 /* Release */ = {
			isa = XCBuildConfiguration;
			buildSettings = {
				ALWAYS_SEARCH_USER_PATHS = NO;
				CLANG_CXX_LANGUAGE_STANDARD = "gnu++0x";
				CLANG_CXX_LIBRARY = "libc++";
				CLANG_ENABLE_MODULES = YES;
				CLANG_ENABLE_OBJC_ARC = YES;
				CLANG_WARN_BOOL_CONVERSION = YES;
				CLANG_WARN_CONSTANT_CONVERSION = YES;
				CLANG_WARN_DIRECT_OBJC_ISA_USAGE = YES_ERROR;
				CLANG_WARN_EMPTY_BODY = YES;
				CLANG_WARN_ENUM_CONVERSION = YES;
				CLANG_WARN_INT_CONVERSION = YES;
				CLANG_WARN_OBJC_ROOT_CLASS = YES_ERROR;
				CLANG_WARN_UNREACHABLE_CODE = YES;
				CLANG_WARN__DUPLICATE_METHOD_MATCH = YES;
				COPY_PHASE_STRIP = NO;
				DEBUG_INFORMATION_FORMAT = "dwarf-with-dsym";
				ENABLE_NS_ASSERTIONS = NO;
				ENABLE_STRICT_OBJC_MSGSEND = YES;
				GCC_C_LANGUAGE_STANDARD = gnu99;
				GCC_NO_COMMON_BLOCKS = YES;
				GCC_WARN_64_TO_32_BIT_CONVERSION = YES;
				GCC_WARN_ABOUT_RETURN_TYPE = YES_ERROR;
				GCC_WARN_UNDECLARED_SELECTOR = YES;
				GCC_WARN_UNINITIALIZED_AUTOS = YES_AGGRESSIVE;
				GCC_WARN_UNUSED_FUNCTION = YES;
				GCC_WARN_UNUSED_VARIABLE = YES;
				MACOSX_DEPLOYMENT_TARGET = 10.11;
				MTL_ENABLE_DEBUG_INFO = NO;
				SDKROOT = macosx;
			};
			name = Release;
		};
		CD3ABE041CAEBCAC008A3FD3 /* Debug */ = {
			isa = XCBuildConfiguration;
			buildSettings = {
				PRODUCT_NAME = print;
			};
			name = Debug;
		};
		CD3ABE051CAEBCAC008A3FD3 /* Release */ = {
			isa = XCBuildConfiguration;
			buildSettings = {
				PRODUCT_NAME = print;
			};
			name = Release;
		};
/* End XCBuildConfiguration section */

/* Begin XCConfigurationList section */
		CD3ABDF71CAEBCAC008A3FD3 /* Build configuration list for PBXProject "print" */ = {
			isa = XCConfigurationList;
			buildConfigurations = (
				CD3ABE011CAEBCAC008A3FD3 /* Debug */,
				CD3ABE021CAEBCAC008A3FD3 /* Release */,
			);
			defaultConfigurationIsVisible = 0;
			defaultConfigurationName = Release;
		};
		CD3ABE031CAEBCAC008A3FD3 /* Build configuration list for PBXNativeTarget "print" */ = {
			isa = XCConfigurationList;
			buildConfigurations = (
				CD3ABE041CAEBCAC008A3FD3 /* Debug */,
				CD3ABE051CAEBCAC008A3FD3 /* Release */,
			);
			defaultConfigurationIsVisible = 0;
			defaultConfigurationName = Release;
		};
/* End XCConfigurationList section */
	};
	rootObject = CD3ABDF41CAEBCAC008A3FD3 /* Project object */;
}
